{
  "version": 1,
  "dependencies": {
    "net8.0": {
      "AspNetCore.HealthChecks.Redis": {
        "type": "Direct",
        "requested": "[8.0.1, )",
        "resolved": "8.0.1",
        "contentHash": "45jqq4ydvmm7yKpTf0jEpUuYloe2vlytN9dasmqwmQyorpNbjdvWuyvSmjVZM5nBa5e5ryF5MU+F7bXv6Zp2vQ==",
        "dependencies": {
          "Microsoft.Extensions.Diagnostics.HealthChecks": "8.0.0",
          "StackExchange.Redis": "2.7.4"
        }
      },
      "AspNetCore.HealthChecks.SqlServer": {
        "type": "Direct",
        "requested": "[8.0.2, )",
        "resolved": "8.0.2",
        "contentHash": "sTcVVq7/zhfUrSTs0WAktvPdpU1He/sj14gRTogq4eFhn0oImolxNNhJczkYMgFF92RMMW+O+rlcFO7HVOpfiQ==",
        "dependencies": {
          "Microsoft.Data.SqlClient": "5.2.0",
          "Microsoft.Extensions.Diagnostics.HealthChecks": "8.0.0"
        }
      },
      "FluentValidation.DependencyInjectionExtensions": {
        "type": "Direct",
        "requested": "[12.1.1, )",
        "resolved": "12.1.1",
        "contentHash": "D0VXh4dtjjX2aQizuaa0g6R8X3U1JaVqJPfGCvLwZX9t/O2h7tkpbitbadQMfwcgSPdDbI2vDxuwRMv/Uf9dHA==",
        "dependencies": {
          "FluentValidation": "12.1.1",
          "Microsoft.Extensions.DependencyInjection.Abstractions": "2.1.0"
        }
      },
      "Microsoft.Extensions.Caching.StackExchangeRedis": {
        "type": "Direct",
        "requested": "[9.0.2, )",
        "resolved": "9.0.2",
        "contentHash": "DVIRRhNlSPOcOh01ZjtByHk4PxgQnMEBn+Sy9Nr29Z1NLw0OR7egXqHA/jSGDGs2HOwONhDlTKl7OGZl6wDWsg==",
        "dependencies": {
          "Microsoft.Extensions.Caching.Abstractions": "9.0.2",
          "Microsoft.Extensions.Logging.Abstractions": "9.0.2",
          "Microsoft.Extensions.Options": "9.0.2",
          "StackExchange.Redis": "2.7.27"
        }
      },
      "Serilog.AspNetCore": {
        "type": "Direct",
        "requested": "[10.0.0, )",
        "resolved": "10.0.0",
        "contentHash": "a/cNa1mY4On1oJlfGG1wAvxjp5g7OEzk/Jf/nm7NF9cWoE7KlZw1GldrifUBWm9oKibHkR7Lg/l5jy3y7ACR8w==",
        "dependencies": {
          "Serilog": "4.3.0",
          "Serilog.Extensions.Hosting": "10.0.0",
          "Serilog.Formatting.Compact": "3.0.0",
          "Serilog.Settings.Configuration": "10.0.0",
          "Serilog.Sinks.Console": "6.1.1",
          "Serilog.Sinks.Debug": "3.0.0",
          "Serilog.Sinks.File": "7.0.0"
        }
      },
      "Serilog.Sinks.Console": {
        "type": "Direct",
        "requested": "[6.1.1, )",
        "resolved": "6.1.1",
        "contentHash": "8jbqgjUyZlfCuSTaJk6lOca465OndqOz3KZP6Cryt/IqZYybyBu7GP0fE/AXBzrrQB3EBmQntBFAvMVz1COvAA==",
        "dependencies": {
          "Serilog": "4.0.0"
        }
      },
      "Swashbuckle.AspNetCore": {
        "type": "Direct",
        "requested": "[6.9.0, )",
        "resolved": "6.9.0",
        "contentHash": "lvI+XHF21tkwXd2nDCLGJsdhdUYsY3Ax2fWUlvw81Oa6EedtnIAf5tThy8ZnPcz/9/TwsLgjgtX9ifOCIjbEPA==",
        "dependencies": {
          "Microsoft.Extensions.ApiDescription.Server": "6.0.5",
          "Swashbuckle.AspNetCore.Swagger": "6.9.0",
          "Swashbuckle.AspNetCore.SwaggerGen": "6.9.0",
          "Swashbuckle.AspNetCore.SwaggerUI": "6.9.0"
        }
      },
      "Azure.Core": {
        "type": "Transitive",
        "resolved": "1.35.0",
        "contentHash": "hENcx03Jyuqv05F4RBEPbxz29UrM3Nbhnr6Wl6NQpoU9BCIbL3XLentrxDCTrH54NLS11Exxi/o8MYgT/cnKFA==",
        "dependencies": {
          "Microsoft.Bcl.AsyncInterfaces": "1.1.1",
          "System.Diagnostics.DiagnosticSource": "6.0.1",
          "System.Memory.Data": "1.0.2",
          "System.Numerics.Vectors": "4.5.0",
          "System.Text.Encodings.Web": "4.7.2",
          "System.Text.Json": "4.7.2",
          "System.Threading.Tasks.Extensions": "4.5.4"
        }
      },
      "Azure.Identity": {
        "type": "Transitive",
        "resolved": "1.10.3",
        "contentHash": "l1Xm2MWOF2Mzcwuarlw8kWQXLZk3UeB55aQXVyjj23aBfDwOZ3gu5GP2kJ6KlmZeZv2TCzw7x4L3V36iNr3gww==",
        "dependencies": {
          "Azure.Core": "1.35.0",
          "Microsoft.Identity.Client": "4.56.0",
          "Microsoft.Identity.Client.Extensions.Msal": "4.56.0",
          "System.Memory": "4.5.4",
          "System.Security.Cryptography.ProtectedData": "4.7.0",
          "System.Text.Json": "4.7.2",
          "System.Threading.Tasks.Extensions": "4.5.4"
        }
      },
      "BCrypt.Net-Next": {
        "type": "Transitive",
        "resolved": "4.0.3",
        "contentHash": "W+U9WvmZQgi5cX6FS5GDtDoPzUCV4LkBLkywq/kRZhuDwcbavOzcDAr3LXJFqHUi952Yj3LEYoWW0jbEUQChsA=="
      },
      "FluentValidation": {
        "type": "Transitive",
        "resolved": "12.1.1",
        "contentHash": "EPpkIe1yh1a0OXyC100oOA8WMbZvqUu5plwhvYcb7oSELfyUZzfxV48BLhvs3kKo4NwG7MGLNgy1RJiYtT8Dpw=="
      },
      "HtmlAgilityPack": {
        "type": "Transitive",
        "resolved": "1.11.72",
        "contentHash": "RNLgXxTFdIGFI+o5l8c2aJ2L5StIRn9Uv8HKR76p7QP4ZUL26wzpWUCWh08xWUdkL2kocl+Xhv6VUu0rA1npVg=="
      },
      "MediatR": {
        "type": "Transitive",
        "resolved": "14.1.0",
        "contentHash": "pdxza1pLqAk+06LV3THzNJrw5K5Ah6EC17TEkoC90gsAxwtXDJAQrGuDSDinHGgxWKWEn5ebqTNN3k1bLJOb0g==",
        "dependencies": {
          "MediatR.Contracts": "[2.0.1, 3.0.0)",
          "Microsoft.Extensions.DependencyInjection.Abstractions": "10.0.0",
          "Microsoft.Extensions.Logging.Abstractions": "10.0.0",
          "Microsoft.IdentityModel.JsonWebTokens": "8.14.0"
        }
      },
      "MediatR.Contracts": {
        "type": "Transitive",
        "resolved": "2.0.1",
        "contentHash": "FYv95bNT4UwcNA+G/J1oX5OpRiSUxteXaUt2BJbRSdRNiIUNbggJF69wy6mnk2wYToaanpdXZdCwVylt96MpwQ=="
      },
      "Microsoft.Bcl.AsyncInterfaces": {
        "type": "Transitive",
        "resolved": "1.1.1",
        "contentHash": "yuvf07qFWFqtK3P/MRkEKLhn5r2UbSpVueRziSqj0yJQIKFwG1pq9mOayK3zE5qZCTs0CbrwL9M6R8VwqyGy2w=="
      },
      "Microsoft.Data.SqlClient": {
        "type": "Transitive",
        "resolved": "5.2.0",
        "contentHash": "3alfyqRN3ELRtdvU1dGtLBRNQqprr3TJ0WrUJfMISPwg1nPUN2P3Lelah68IKWuV27Ceb7ig95hWNHFTSXfxMg==",
        "dependencies": {
          "Azure.Identity": "1.10.3",
          "Microsoft.Data.SqlClient.SNI.runtime": "5.2.0",
          "Microsoft.Identity.Client": "4.56.0",
          "Microsoft.IdentityModel.JsonWebTokens": "6.35.0",
          "Microsoft.IdentityModel.Protocols.OpenIdConnect": "6.35.0",
          "Microsoft.SqlServer.Server": "1.0.0",
          "System.Configuration.ConfigurationManager": "8.0.0",
          "System.Runtime.Caching": "8.0.0"
        }
      },
      "Microsoft.Data.SqlClient.SNI.runtime": {
        "type": "Transitive",
        "resolved": "5.2.0",
        "contentHash": "po1jhvFd+8pbfvJR/puh+fkHi0GRanAdvayh/0e47yaM6CXWZ6opUjCMFuYlAnD2LcbyvQE7fPJKvogmaUcN+w=="
      },
      "Microsoft.EntityFrameworkCore": {
        "type": "Transitive",
        "resolved": "8.0.22",
        "contentHash": "nKGrD/WOO1d7qtXvghFAHre5Fk3ubw41pDFM0hbFxVIkMFxl4B0ug2LylMHOq+dgAceUeo3bx0qMh6/Jl9NbrA==",
        "dependencies": {
          "Microsoft.EntityFrameworkCore.Abstractions": "8.0.22",
          "Microsoft.EntityFrameworkCore.Analyzers": "8.0.22",
          "Microsoft.Extensions.Caching.Memory": "8.0.1",
          "Microsoft.Extensions.Logging": "8.0.1"
        }
      },
      "Microsoft.EntityFrameworkCore.Abstractions": {
        "type": "Transitive",
        "resolved": "8.0.22",
        "contentHash": "p4Fw9mpJnZHmkdOGCbBqbvuyj1LnnFxNon8snMKIQ0MGSB+j9f6ffWDfvGRaOS/9ikqQG9RMOTzZk52q1G23ng=="
      },
      "Microsoft.EntityFrameworkCore.Analyzers": {
        "type": "Transitive",
        "resolved": "8.0.22",
        "contentHash": "lrSWwr+X+Fn5XGOwOYFQJWx+u+eameqhMjQ1mohXUE2N7LauucZAtcH/j+yXwQntosKoXU1TOoggTL/zmYqbHQ=="
      },
      "Microsoft.EntityFrameworkCore.Relational": {
        "type": "Transitive",
        "resolved": "8.0.22",
        "contentHash": "3X8gPMNA/WBtV3Cmz8rNpm2zzjJzr/hsyViRJPNgATrYOTSiTgT3RDFQLsJfd8JHwqEE3zpEcDfqx4qAj0o4EA==",
        "dependencies": {
          "Microsoft.EntityFrameworkCore": "8.0.22",
          "Microsoft.Extensions.Configuration.Abstractions": "8.0.0"
        }
      },
      "Microsoft.EntityFrameworkCore.SqlServer": {
        "type": "Transitive",
        "resolved": "8.0.22",
        "contentHash": "Nytrkj0AbbbVg5b9yzl0Fh3xr2301e5qj2AQcNyvTgpK1BjOwrNOxLyxMU1qI/IWdAiWJtdndagzPWIPlNVu6A==",
        "dependencies": {
          "Microsoft.Data.SqlClient": "5.1.6",
          "Microsoft.EntityFrameworkCore.Relational": "8.0.22",
          "System.Formats.Asn1": "8.0.2"
        }
      },
      "Microsoft.Extensions.ApiDescription.Server": {
        "type": "Transitive",
        "resolved": "6.0.5",
        "contentHash": "Ckb5EDBUNJdFWyajfXzUIMRkhf52fHZOQuuZg/oiu8y7zDCVwD0iHhew6MnThjHmevanpxL3f5ci2TtHQEN6bw=="
      },
      "Microsoft.Extensions.Caching.Abstractions": {
        "type": "Transitive",
        "resolved": "9.0.2",
        "contentHash": "a7QhA25n+BzSM5r5d7JznfyluMBGI7z3qyLlFviZ1Eiqv6DdiK27sLZdP/rpYirBM6UYAKxu5TbmfhIy13GN9A==",
        "dependencies": {
          "Microsoft.Extensions.Primitives": "9.0.2"
        }
      },
      "Microsoft.Extensions.Caching.Memory": {
        "type": "Transitive",
        "resolved": "8.0.1",
        "contentHash": "HFDnhYLccngrzyGgHkjEDU5FMLn4MpOsr5ElgsBMC4yx6lJh4jeWO7fHS8+TXPq+dgxCmUa/Trl8svObmwW4QA==",
        "dependencies": {
          "Microsoft.Extensions.Caching.Abstractions": "8.0.0",
          "Microsoft.Extensions.DependencyInjection.Abstractions": "8.0.2",
          "Microsoft.Extensions.Logging.Abstractions": "8.0.2",
          "Microsoft.Extensions.Options": "8.0.2",
          "Microsoft.Extensions.Primitives": "8.0.0"
        }
      },
      "Microsoft.Extensions.Configuration": {
        "type": "Transitive",
        "resolved": "10.0.0",
        "contentHash": "H4SWETCh/cC5L1WtWchHR6LntGk3rDTTznZMssr4cL8IbDmMWBxY+MOGDc/ASnqNolLKPIWHWeuC1ddiL/iNPw==",
        "dependencies": {
          "Microsoft.Extensions.Configuration.Abstractions": "10.0.0",
          "Microsoft.Extensions.Primitives": "10.0.0"
        }
      },
      "Microsoft.Extensions.Configuration.Abstractions": {
        "type": "Transitive",
        "resolved": "10.0.0",
        "contentHash": "d2kDKnCsJvY7mBVhcjPSp9BkJk48DsaHPg5u+Oy4f8XaOqnEedRy/USyvnpHL92wpJ6DrTPy7htppUUzskbCXQ==",
        "dependencies": {
          "Microsoft.Extensions.Primitives": "10.0.0"
        }
      },
      "Microsoft.Extensions.Configuration.Binder": {
        "type": "Transitive",
        "resolved": "10.0.0",
        "contentHash": "tMF9wNh+hlyYDWB8mrFCQHQmWHlRosol1b/N2Jrefy1bFLnuTlgSYmPyHNmz8xVQgs7DpXytBRWxGhG+mSTp0g==",
        "dependencies": {
          "Microsoft.Extensions.Configuration": "10.0.0",
          "Microsoft.Extensions.Configuration.Abstractions": "10.0.0"
        }
      },
      "Microsoft.Extensions.DependencyInjection": {
        "type": "Transitive",
        "resolved": "10.0.0",
        "contentHash": "f0RBabswJq+gRu5a+hWIobrLWiUYPKMhCD9WO3sYBAdSy3FFH14LMvLVFZc2kPSCimBLxSuitUhsd6tb0TAY6A==",
        "dependencies": {
          "Microsoft.Extensions.DependencyInjection.Abstractions": "10.0.0"
        }
      },
      "Microsoft.Extensions.DependencyInjection.Abstractions": {
        "type": "Transitive",
        "resolved": "10.0.0",
        "contentHash": "L3AdmZ1WOK4XXT5YFPEwyt0ep6l8lGIPs7F5OOBZc77Zqeo01Of7XXICy47628sdVl0v/owxYJTe86DTgFwKCA=="
      },
      "Microsoft.Extensions.DependencyModel": {
        "type": "Transitive",
        "resolved": "10.0.0",
        "contentHash": "RFYJR7APio/BiqdQunRq6DB+nDB6nc2qhHr77mlvZ0q0BT8PubMXN7XicmfzCbrDE/dzhBnUKBRXLTcqUiZDGg==",
        "dependencies": {
          "System.Text.Encodings.Web": "10.0.0",
          "System.Text.Json": "10.0.0"
        }
      },
      "Microsoft.Extensions.Diagnostics": {
        "type": "Transitive",
        "resolved": "8.0.1",
        "contentHash": "doVPCUUCY7c6LhBsEfiy3W1bvS7Mi6LkfQMS8nlC22jZWNxBv8VO8bdfeyvpYFst6Kxqk7HBC6lytmEoBssvSQ==",
        "dependencies": {
          "Microsoft.Extensions.Configuration": "8.0.0",
          "Microsoft.Extensions.Diagnostics.Abstractions": "8.0.1",
          "Microsoft.Extensions.Options.ConfigurationExtensions": "8.0.0"
        }
      },
      "Microsoft.Extensions.Diagnostics.Abstractions": {
        "type": "Transitive",
        "resolved": "10.0.0",
        "contentHash": "SfK89ytD61S7DgzorFljSkUeluC1ncn6dtZgwc0ot39f/BEYWBl5jpgvodxduoYAs1d9HG8faCDRZxE95UMo2A==",
        "dependencies": {
          "Microsoft.Extensions.DependencyInjection.Abstractions": "10.0.0",
          "Microsoft.Extensions.Options": "10.0.0",
          "System.Diagnostics.DiagnosticSource": "10.0.0"
        }
      },
      "Microsoft.Extensions.Diagnostics.HealthChecks": {
        "type": "Transitive",
        "resolved": "8.0.0",
        "contentHash": "P9SoBuVZhJPpALZmSq72aQEb9ryP67EdquaCZGXGrrcASTNHYdrUhnpgSwIipgM5oVC+dKpRXg5zxobmF9xr5g==",
        "dependencies": {
          "Microsoft.Extensions.Diagnostics.HealthChecks.Abstractions": "8.0.0",
          "Microsoft.Extensions.Hosting.Abstractions": "8.0.0",
          "Microsoft.Extensions.Logging.Abstractions": "8.0.0",
          "Microsoft.Extensions.Options": "8.0.0"
        }
      },
      "Microsoft.Extensions.Diagnostics.HealthChecks.Abstractions": {
        "type": "Transitive",
        "resolved": "8.0.0",
        "contentHash": "AT2qqos3IgI09ok36Qag9T8bb6kHJ3uT9Q5ki6CySybFsK6/9JbvQAgAHf1pVEjST0/N4JaFaCbm40R5edffwg=="
      },
      "Microsoft.Extensions.FileProviders.Abstractions": {
        "type": "Transitive",
        "resolved": "10.0.0",
        "contentHash": "/ppSdehKk3fuXjlqCDgSOtjRK/pSHU8eWgzSHfHdwVm5BP4Dgejehkw+PtxKG2j98qTDEHDst2Y99aNsmJldmw==",
        "dependencies": {
          "Microsoft.Extensions.Primitives": "10.0.0"
        }
      },
      "Microsoft.Extensions.Hosting.Abstractions": {
        "type": "Transitive",
        "resolved": "10.0.0",
        "contentHash": "KrN6TGFwCwqOkLLk/idW/XtDQh+8In+CL9T4M1Dx+5ScsjTq4TlVbal8q532m82UYrMr6RiQJF2HvYCN0QwVsA==",
        "dependencies": {
          "Microsoft.Extensions.Configuration.Abstractions": "10.0.0",
          "Microsoft.Extensions.DependencyInjection.Abstractions": "10.0.0",
          "Microsoft.Extensions.Diagnostics.Abstractions": "10.0.0",
          "Microsoft.Extensions.FileProviders.Abstractions": "10.0.0",
          "Microsoft.Extensions.Logging.Abstractions": "10.0.0"
        }
      },
      "Microsoft.Extensions.Http": {
        "type": "Transitive",
        "resolved": "8.0.1",
        "contentHash": "kDYeKJUzh0qeg/AI+nSr3ffthmXYQTEb0nS9qRC7YhSbbuN4M4NPbaB77AJwtkTnCV9XZ7qYj3dkZaNcyl73EA==",
        "dependencies": {
          "Microsoft.Extensions.Configuration.Abstractions": "8.0.0",
          "Microsoft.Extensions.DependencyInjection.Abstractions": "8.0.2",
          "Microsoft.Extensions.Diagnostics": "8.0.1",
          "Microsoft.Extensions.Logging": "8.0.1",
          "Microsoft.Extensions.Logging.Abstractions": "8.0.2",
          "Microsoft.Extensions.Options": "8.0.2"
        }
      },
      "Microsoft.Extensions.Logging": {
        "type": "Transitive",
        "resolved": "10.0.0",
        "contentHash": "BStFkd5CcnEtarlcgYDBcFzGYCuuNMzPs02wN3WBsOFoYIEmYoUdAiU+au6opzoqfTYJsMTW00AeqDdnXH2CvA==",
        "dependencies": {
          "Microsoft.Extensions.DependencyInjection": "10.0.0",
          "Microsoft.Extensions.Logging.Abstractions": "10.0.0",
          "Microsoft.Extensions.Options": "10.0.0"
        }
      },
      "Microsoft.Extensions.Logging.Abstractions": {
        "type": "Transitive",
        "resolved": "10.0.0",
        "contentHash": "FU/IfjDfwaMuKr414SSQNTIti/69bHEMb+QKrskRb26oVqpx3lNFXMjs/RC9ZUuhBhcwDM2BwOgoMw+PZ+beqQ==",
        "dependencies": {
          "Microsoft.Extensions.DependencyInjection.Abstractions": "10.0.0",
          "System.Diagnostics.DiagnosticSource": "10.0.0"
        }
      },
      "Microsoft.Extensions.Options": {
        "type": "Transitive",
        "resolved": "10.0.0",
        "contentHash": "8oCAgXOow5XDrY9HaXX1QmH3ORsyZO/ANVHBlhLyCeWTH5Sg4UuqZeOTWJi6484M+LqSx0RqQXDJtdYy2BNiLQ==",
        "dependencies": {
          "Microsoft.Extensions.DependencyInjection.Abstractions": "10.0.0",
          "Microsoft.Extensions.Primitives": "10.0.0"
        }
      },
      "Microsoft.Extensions.Options.ConfigurationExtensions": {
        "type": "Transitive",
        "resolved": "8.0.0",
        "contentHash": "0f4DMRqEd50zQh+UyJc+/HiBsZ3vhAQALgdkcQEalSH1L2isdC7Yj54M3cyo5e+BeO5fcBQ7Dxly8XiBBcvRgw==",
        "dependencies": {
          "Microsoft.Extensions.Configuration.Abstractions": "8.0.0",
          "Microsoft.Extensions.Configuration.Binder": "8.0.0",
          "Microsoft.Extensions.DependencyInjection.Abstractions": "8.0.0",
          "Microsoft.Extensions.Options": "8.0.0",
          "Microsoft.Extensions.Primitives": "8.0.0"
        }
      },
      "Microsoft.Extensions.Primitives": {
        "type": "Transitive",
        "resolved": "10.0.0",
        "contentHash": "inRnbpCS0nwO/RuoZIAqxQUuyjaknOOnCEZB55KSMMjRhl0RQDttSmLSGsUJN3RQ3ocf5NDLFd2mOQViHqMK5w=="
      },
      "Microsoft.Identity.Client": {
        "type": "Transitive",
        "resolved": "4.56.0",
        "contentHash": "rr4zbidvHy9r4NvOAs5hdd964Ao2A0pAeFBJKR95u1CJAVzbd1p6tPTXUZ+5ld0cfThiVSGvz6UHwY6JjraTpA==",
        "dependencies": {
          "Microsoft.IdentityModel.Abstractions": "6.22.0"
        }
      },
      "Microsoft.Identity.Client.Extensions.Msal": {
        "type": "Transitive",
        "resolved": "4.56.0",
        "contentHash": "H12YAzEGK55vZ+QpxUzozhW8ZZtgPDuWvgA0JbdIR9UhMUplj29JhIgE2imuH8W2Nw9D8JKygR1uxRFtpSNcrg==",
        "dependencies": {
          "Microsoft.Identity.Client": "4.56.0",
          "System.IO.FileSystem.AccessControl": "5.0.0",
          "System.Security.Cryptography.ProtectedData": "4.5.0"
        }
      },
      "Microsoft.IdentityModel.Abstractions": {
        "type": "Transitive",
        "resolved": "8.14.0",
        "contentHash": "iwbCpSjD3ehfTwBhtSNEtKPK0ICun6ov7Ibx6ISNA9bfwIyzI2Siwyi9eJFCJBwxowK9xcA1mj+jBWiigeqgcQ=="
      },
      "Microsoft.IdentityModel.JsonWebTokens": {
        "type": "Transitive",
        "resolved": "8.14.0",
        "contentHash": "4jOpiA4THdtpLyMdAb24dtj7+6GmvhOhxf5XHLYWmPKF8ApEnApal1UnJsKO4HxUWRXDA6C4WQVfYyqsRhpNpQ==",
        "dependencies": {
          "Microsoft.IdentityModel.Tokens": "8.14.0"
        }
      },
      "Microsoft.IdentityModel.Logging": {
        "type": "Transitive",
        "resolved": "8.14.0",
        "contentHash": "eqqnemdW38CKZEHS6diA50BV94QICozDZEvSrsvN3SJXUFwVB9gy+/oz76gldP7nZliA16IglXjXTCTdmU/Ejg==",
        "dependencies": {
          "Microsoft.IdentityModel.Abstractions": "8.14.0"
        }
      },
      "Microsoft.IdentityModel.Protocols": {
        "type": "Transitive",
        "resolved": "6.35.0",
        "contentHash": "BPQhlDzdFvv1PzaUxNSk+VEPwezlDEVADIKmyxubw7IiELK18uJ06RQ9QKKkds30XI+gDu9n8j24XQ8w7fjWcg==",
        "dependencies": {
          "Microsoft.IdentityModel.Logging": "6.35.0",
          "Microsoft.IdentityModel.Tokens": "6.35.0"
        }
      },
      "Microsoft.IdentityModel.Protocols.OpenIdConnect": {
        "type": "Transitive",
        "resolved": "6.35.0",
        "contentHash": "LMtVqnECCCdSmyFoCOxIE5tXQqkOLrvGrL7OxHg41DIm1bpWtaCdGyVcTAfOQpJXvzND9zUKIN/lhngPkYR8vg==",
        "dependencies": {
          "Microsoft.IdentityModel.Protocols": "6.35.0",
          "System.IdentityModel.Tokens.Jwt": "6.35.0"
        }
      },
      "Microsoft.IdentityModel.Tokens": {
        "type": "Transitive",
        "resolved": "8.14.0",
        "contentHash": "lKIZiBiGd36k02TCdMHp1KlNWisyIvQxcYJvIkz7P4gSQ9zi8dgh6S5Grj8NNG7HWYIPfQymGyoZ6JB5d1Lo1g==",
        "dependencies": {
          "Microsoft.Extensions.Logging.Abstractions": "8.0.0",
          "Microsoft.IdentityModel.Logging": "8.14.0"
        }
      },
      "Microsoft.NETCore.Platforms": {
        "type": "Transitive",
        "resolved": "5.0.0",
        "contentHash": "VyPlqzH2wavqquTcYpkIIAQ6WdenuKoFN0BdYBbCWsclXacSOHNQn66Gt4z5NBqEYW0FAPm5rlvki9ZiCij5xQ=="
      },
      "Microsoft.OpenApi": {
        "type": "Transitive",
        "resolved": "1.6.14",
        "contentHash": "tTaBT8qjk3xINfESyOPE2rIellPvB7qpVqiWiyA/lACVvz+xOGiXhFUfohcx82NLbi5avzLW0lx+s6oAqQijfw=="
      },
      "Microsoft.SqlServer.Server": {
        "type": "Transitive",
        "resolved": "1.0.0",
        "contentHash": "N4KeF3cpcm1PUHym1RmakkzfkEv3GRMyofVv40uXsQhCQeglr2OHNcUk2WOG51AKpGO8ynGpo9M/kFXSzghwug=="
      },
      "Pipelines.Sockets.Unofficial": {
        "type": "Transitive",
        "resolved": "2.2.8",
        "contentHash": "zG2FApP5zxSx6OcdJQLbZDk2AVlN2BNQD6MorwIfV6gVj0RRxWPEp2LXAxqDGZqeNV1Zp0BNPcNaey/GXmTdvQ==",
        "dependencies": {
          "System.IO.Pipelines": "5.0.1"
        }
      },
      "Serilog": {
        "type": "Transitive",
        "resolved": "4.3.0",
        "contentHash": "+cDryFR0GRhsGOnZSKwaDzRRl4MupvJ42FhCE4zhQRVanX0Jpg6WuCBk59OVhVDPmab1bB+nRykAnykYELA9qQ=="
      },
      "Serilog.Extensions.Hosting": {
        "type": "Transitive",
        "resolved": "10.0.0",
        "contentHash": "E7juuIc+gzoGxgzFooFgAV8g9BfiSXNKsUok9NmEpyAXg2odkcPsMa/Yo4axkJRlh0se7mkYQ1GXDaBemR+b6w==",
        "dependencies": {
          "Microsoft.Extensions.DependencyInjection.Abstractions": "10.0.0",
          "Microsoft.Extensions.Hosting.Abstractions": "10.0.0",
          "Microsoft.Extensions.Logging.Abstractions": "10.0.0",
          "Serilog": "4.3.0",
          "Serilog.Extensions.Logging": "10.0.0"
        }
      },
      "Serilog.Extensions.Logging": {
        "type": "Transitive",
        "resolved": "10.0.0",
        "contentHash": "vx0kABKl2dWbBhhqAfTOk53/i8aV/5VaT3a6il9gn72Wqs2pM7EK2OB6No6xdqK2IaY6Zf9gdjLuK9BVa2rT+Q==",
        "dependencies": {
          "Microsoft.Extensions.Logging": "10.0.0",
          "Serilog": "4.2.0"
        }
      },
      "Serilog.Formatting.Compact": {
        "type": "Transitive",
        "resolved": "3.0.0",
        "contentHash": "wQsv14w9cqlfB5FX2MZpNsTawckN4a8dryuNGbebB/3Nh1pXnROHZov3swtu3Nj5oNG7Ba+xdu7Et/ulAUPanQ==",
        "dependencies": {
          "Serilog": "4.0.0"
        }
      },
      "Serilog.Settings.Configuration": {
        "type": "Transitive",
        "resolved": "10.0.0",
        "contentHash": "LNq+ibS1sbhTqPV1FIE69/9AJJbfaOhnaqkzcjFy95o+4U+STsta9mi97f1smgXsWYKICDeGUf8xUGzd/52/uA==",
        "dependencies": {
          "Microsoft.Extensions.Configuration.Binder": "10.0.0",
          "Microsoft.Extensions.DependencyModel": "10.0.0",
          "Serilog": "4.3.0"
        }
      },
      "Serilog.Sinks.Debug": {
        "type": "Transitive",
        "resolved": "3.0.0",
        "contentHash": "4BzXcdrgRX7wde9PmHuYd9U6YqycCC28hhpKonK7hx0wb19eiuRj16fPcPSVp0o/Y1ipJuNLYQ00R3q2Zs8FDA==",
        "dependencies": {
          "Serilog": "4.0.0"
        }
      },
      "Serilog.Sinks.File": {
        "type": "Transitive",
        "resolved": "7.0.0",
        "contentHash": "fKL7mXv7qaiNBUC71ssvn/dU0k9t0o45+qm2XgKAlSt19xF+ijjxyA3R6HmCgfKEKwfcfkwWjayuQtRueZFkYw==",
        "dependencies": {
          "Serilog": "4.2.0"
        }
      },
      "StackExchange.Redis": {
        "type": "Transitive",
        "resolved": "2.7.27",
        "contentHash": "Uqc2OQHglqj9/FfGQ6RkKFkZfHySfZlfmbCl+hc+u2I/IqunfelQ7QJi7ZhvAJxUtu80pildVX6NPLdDaUffOw==",
        "dependencies": {
          "Microsoft.Extensions.Logging.Abstractions": "6.0.0",
          "Pipelines.Sockets.Unofficial": "2.2.8"
        }
      },
      "Swashbuckle.AspNetCore.Swagger": {
        "type": "Transitive",
        "resolved": "6.9.0",
        "contentHash": "P316kpxx5DnDvJwNWW8iTAXkh9DVenAxFGe9v4OUS0gil+vitH7F1feXhCtVeHN/616EFNTMh4pV2lcr9kkw/w==",
        "dependencies": {
          "Microsoft.OpenApi": "1.6.14"
        }
      },
      "Swashbuckle.AspNetCore.SwaggerGen": {
        "type": "Transitive",
        "resolved": "6.9.0",
        "contentHash": "FjeMR3fBzwVc5plfYjoHw9ptf8SOWMupvO9X35J5EgzT3L9dRqSxa+cBKzL8PwCyemY0xNrggQSB5+MFWx1axg==",
        "dependencies": {
          "Swashbuckle.AspNetCore.Swagger": "6.9.0"
        }
      },
      "Swashbuckle.AspNetCore.SwaggerUI": {
        "type": "Transitive",
        "resolved": "6.9.0",
        "contentHash": "0OxlWBFLl2gUESZX/K7QCTz9KctKy0VxHTvLIBcyWGD4z/fv5MCMW02qzYGcReLJr4yBnNDRzApKtLh6oBpe9A=="
      },
      "System.Configuration.ConfigurationManager": {
        "type": "Transitive",
        "resolved": "8.0.0",
        "contentHash": "JlYi9XVvIREURRUlGMr1F6vOFLk7YSY4p1vHo4kX3tQ0AGrjqlRWHDi66ImHhy6qwXBG3BJ6Y1QlYQ+Qz6Xgww==",
        "dependencies": {
          "System.Diagnostics.EventLog": "8.0.0",
          "System.Security.Cryptography.ProtectedData": "8.0.0"
        }
      },
      "System.Diagnostics.DiagnosticSource": {
        "type": "Transitive",
        "resolved": "10.0.0",
        "contentHash": "0KdBK+h7G13PuOSC2R/DalAoFMvdYMznvGRuICtkdcUMXgl/gYXsG6z4yUvTxHSMACorWgHCU1Faq0KUHU6yAQ=="
      },
      "System.Diagnostics.EventLog": {
        "type": "Transitive",
        "resolved": "8.0.0",
        "contentHash": "fdYxcRjQqTTacKId/2IECojlDSFvp7LP5N78+0z/xH7v/Tuw5ZAxu23Y6PTCRinqyu2ePx+Gn1098NC6jM6d+A=="
      },
      "System.Formats.Asn1": {
        "type": "Transitive",
        "resolved": "8.0.2",
        "contentHash": "yUsFqNGa7tbwm5QOOnOR3VSoh8a0Yki39mTbhOnErdbg8hVSFtrK0EXerj286PXcegiF1LkE7lL++qqMZW5jIQ=="
      },
      "System.IdentityModel.Tokens.Jwt": {
        "type": "Transitive",
        "resolved": "6.35.0",
        "contentHash": "yxGIQd3BFK7F6S62/7RdZk3C/mfwyVxvh6ngd1VYMBmbJ1YZZA9+Ku6suylVtso0FjI0wbElpJ0d27CdsyLpBQ==",
        "dependencies": {
          "Microsoft.IdentityModel.JsonWebTokens": "6.35.0",
          "Microsoft.IdentityModel.Tokens": "6.35.0"
        }
      },
      "System.IO.FileSystem.AccessControl": {
        "type": "Transitive",
        "resolved": "5.0.0",
        "contentHash": "SxHB3nuNrpptVk+vZ/F+7OHEpoHUIKKMl02bUmYHQr1r+glbZQxs7pRtsf4ENO29TVm2TH3AEeep2fJcy92oYw==",
        "dependencies": {
          "System.Security.AccessControl": "5.0.0",
          "System.Security.Principal.Windows": "5.0.0"
        }
      },
      "System.IO.Pipelines": {
        "type": "Transitive",
        "resolved": "10.0.0",
        "contentHash": "M1eb3nfXntaRJPrrMVM9EFS8I1bDTnt0uvUS6QP/SicZf/ZZjydMD5NiXxfmwW/uQwaMDP/yX2P+zQN1NBHChg=="
      },
      "System.Memory": {
        "type": "Transitive",
        "resolved": "4.5.4",
        "contentHash": "1MbJTHS1lZ4bS4FmsJjnuGJOu88ZzTT2rLvrhW7Ygic+pC0NWA+3hgAen0HRdsocuQXCkUTdFn9yHJJhsijDXw=="
      },
      "System.Memory.Data": {
        "type": "Transitive",
        "resolved": "1.0.2",
        "contentHash": "JGkzeqgBsiZwKJZ1IxPNsDFZDhUvuEdX8L8BDC8N3KOj+6zMcNU28CNN59TpZE/VJYy9cP+5M+sbxtWJx3/xtw==",
        "dependencies": {
          "System.Text.Encodings.Web": "4.7.2",
          "System.Text.Json": "4.6.0"
        }
      },
      "System.Numerics.Vectors": {
        "type": "Transitive",
        "resolved": "4.5.0",
        "contentHash": "QQTlPTl06J/iiDbJCiepZ4H//BVraReU4O4EoRw1U02H5TLUIT7xn3GnDp9AXPSlJUDyFs4uWjWafNX6WrAojQ=="
      },
      "System.Runtime.Caching": {
        "type": "Transitive",
        "resolved": "8.0.0",
        "contentHash": "4TmlmvGp4kzZomm7J2HJn6IIx0UUrQyhBDyb5O1XiunZlQImXW+B8b7W/sTPcXhSf9rp5NR5aDtQllwbB5elOQ==",
        "dependencies": {
          "System.Configuration.ConfigurationManager": "8.0.0"
        }
      },
      "System.Security.AccessControl": {
        "type": "Transitive",
        "resolved": "5.0.0",
        "contentHash": "dagJ1mHZO3Ani8GH0PHpPEe/oYO+rVdbQjvjJkBRNQkX4t0r1iaeGn8+/ybkSLEan3/slM0t59SVdHzuHf2jmw==",
        "dependencies": {
          "Microsoft.NETCore.Platforms": "5.0.0",
          "System.Security.Principal.Windows": "5.0.0"
        }
      },
      "System.Security.Cryptography.ProtectedData": {
        "type": "Transitive",
        "resolved": "8.0.0",
        "contentHash": "+TUFINV2q2ifyXauQXRwy4CiBhqvDEDZeVJU7qfxya4aRYOKzVBpN+4acx25VcPB9ywUN6C0n8drWl110PhZEg=="
      },
      "System.Security.Principal.Windows": {
        "type": "Transitive",
        "resolved": "5.0.0",
        "contentHash": "t0MGLukB5WAVU9bO3MGzvlGnyJPgUlcwerXn1kzBRjwLKixT96XV0Uza41W49gVd8zEMFu9vQEFlv0IOrytICA=="
      },
      "System.Text.Encodings.Web": {
        "type": "Transitive",
        "resolved": "10.0.0",
        "contentHash": "257hh1ep1Gqm1Lm0ulxf7vVBVMJuGN6EL4xSWjpi46DffXzm1058IiWsfSC06zSm7SniN+Tb5160UnXsSa8rRg=="
      },
      "System.Text.Json": {
        "type": "Transitive",
        "resolved": "10.0.0",
        "contentHash": "1Dpjwq9peG/Wt5BNbrzIhTpclfOSqBWZsUO28vVr59yQlkvL5jLBWfpfzRmJ1OY+6DciaY0DUcltyzs4fuZHjw==",
        "dependencies": {
          "System.IO.Pipelines": "10.0.0",
          "System.Text.Encodings.Web": "10.0.0"
        }
      },
      "System.Threading.Tasks.Extensions": {
        "type": "Transitive",
        "resolved": "4.5.4",
        "contentHash": "zteT+G8xuGu6mS+mzDzYXbzS7rd3K6Fjb9RiZlYlJPam2/hU7JCBZBVEcywNuR+oZ1ncTvc/cq0faRr3P01OVg=="
      },
      "urlshortener.adapter.backingservices": {
        "type": "Project",
        "dependencies": {
          "HtmlAgilityPack": "[1.11.72, )",
          "Microsoft.EntityFrameworkCore.Relational": "[8.0.22, 9.0.0)",
          "Microsoft.EntityFrameworkCore.SqlServer": "[8.0.22, )",
          "Microsoft.Extensions.Http": "[8.0.1, )",
          "Serilog": "[4.2.0, )",
          "UrlShortener.Application.Abstract": "[1.0.0, )",
          "UrlShortener.Shared": "[1.0.0, )"
        }
      },
      "urlshortener.application": {
        "type": "Project",
        "dependencies": {
          "BCrypt.Net-Next": "[4.0.3, )",
          "FluentValidation": "[12.1.1, )",
          "MediatR": "[14.1.0, )",
          "Serilog": "[4.2.0, )",
          "UrlShortener.Application.Abstract": "[1.0.0, )",
          "UrlShortener.Shared": "[1.0.0, )"
        }
      },
      "urlshortener.application.abstract": {
        "type": "Project",
        "dependencies": {
          "MediatR": "[14.1.0, )",
          "Microsoft.EntityFrameworkCore": "[8.0.0, )"
        }
      },
      "urlshortener.shared": {
        "type": "Project",
        "dependencies": {
          "FluentValidation": "[12.1.1, )",
          "MediatR": "[14.1.0, )"
        }
      }
    }
  }
}